
Microsoft Visual Studio Solution File, Format Version 12.00
# Visual Studio Version 17
VisualStudioVersion = 17.8.34511.84
MinimumVisualStudioVersion = 10.0.40219.1
Project("{9A19103F-16F7-4668-BE54-9A1E7A4F7556}") = "Nutrition", "Nutrition.csproj", "{94C466C3-B704-44C2-978B-A79C7EFA15BD}"
EndProject
Global
	GlobalSection(SolutionConfigurationPlatforms) = preSolution
		Debug|Any CPU = Debug|Any CPU
		Release|Any CPU = Release|Any CPU
	EndGlobalSection
	GlobalSection(ProjectConfigurationPlatforms) = postSolution
		{94C466C3-B704-44C2-978B-A79C7EFA15BD}.Debug|Any CPU.ActiveCfg = Debug|Any CPU
		{94C466C3-B704-44C2-978B-A79C7EFA15BD}.Debug|Any CPU.Build.0 = Debug|Any CPU
		{94C466C3-B704-44C2-978B-A79C7EFA15BD}.Release|Any CPU.ActiveCfg = Release|Any CPU
		{94C466C3-B704-44C2-978B-A79C7EFA15BD}.Release|Any CPU.Build.0 = Release|Any CPU
	EndGlobalSection
	GlobalSection(SolutionProperties) = preSolution
		HideSolutionNode = FALSE
	EndGlobalSection
	GlobalSection(ExtensibilityGlobals) = postSolution
		SolutionGuid = {2381A9C7-BD9A-40DD-81D6-4A75F96C96ED}
	EndGlobalSection
EndGlobal
